
Microsoft Visual Studio Solution File, Format Version 12.00
# Visual Studio Version 17
VisualStudioVersion = 17.2.32516.85
MinimumVisualStudioVersion = 10.0.40219.1
Project("{FAE04EC0-301F-11D3-BF4B-00C04F79EFBC}") = "Demo", "Demo\Demo.csproj", "{DAC934C1-A49A-4E57-B9FC-5AC302AB3B5E}"
EndProject
Global
	GlobalSection(SolutionConfigurationPlatforms) = preSolution
		Debug|Any CPU = Debug|Any CPU
		Release|Any CPU = Release|Any CPU
	EndGlobalSection
	GlobalSection(ProjectConfigurationPlatforms) = postSolution
		{DAC934C1-A49A-4E57-B9FC-5AC302AB3B5E}.Debug|Any CPU.ActiveCfg = Debug|Any CPU
		{DAC934C1-A49A-4E57-B9FC-5AC302AB3B5E}.Debug|Any CPU.Build.0 = Debug|Any CPU
		{DAC934C1-A49A-4E57-B9FC-5AC302AB3B5E}.Release|Any CPU.ActiveCfg = Release|Any CPU
		{DAC934C1-A49A-4E57-B9FC-5AC302AB3B5E}.Release|Any CPU.Build.0 = Release|Any CPU
	EndGlobalSection
	GlobalSection(SolutionProperties) = preSolution
		HideSolutionNode = FALSE
	EndGlobalSection
	GlobalSection(ExtensibilityGlobals) = postSolution
		SolutionGuid = {BFE738E7-99C6-4307-8A7F-EDAAC85AF085}
	EndGlobalSection
EndGlobal
